{
  "requires": true,
  "lockfileVersion": 1,
  "dependencies": {
    "@nestjs/serve-static": {
      "version": "2.2.2",
      "resolved": "https://registry.npmjs.org/@nestjs/serve-static/-/serve-static-2.2.2.tgz",
      "integrity": "sha512-3Mr+Q/npS3N7iGoF3Wd6Lj9QcjMGxbNrSqupi5cviM0IKrZ1BHl5qekW95rWYNATAVqoTmjGROAq+nKKpuUagQ==",
      "requires": {
        "path-to-regexp": "0.1.7"
      }
    },
    "path-to-regexp": {
      "version": "0.1.7",
      "resolved": "https://registry.npmjs.org/path-to-regexp/-/path-to-regexp-0.1.7.tgz",
      "integrity": "sha1-32BBeABfUi8V60SQ5yR6G/qmf4w="
    }
  }
}
